
Microsoft Visual Studio Solution File, Format Version 10.00
# Visual C++ Express 2008
Project("{8BC9CEB8-8B4A-11D0-8D11-00A0C91BC942}") = "WestWorld1", "WestWorld1\WestWorld1.vcproj", "{9BE22C99-03D1-46BE-B975-80D98AF4CB3E}"
EndProject
Global
	GlobalSection(SolutionConfigurationPlatforms) = preSolution
		Debug|Win32 = Debug|Win32
		Release|Win32 = Release|Win32
	EndGlobalSection
	GlobalSection(ProjectConfigurationPlatforms) = postSolution
		{9BE22C99-03D1-46BE-B975-80D98AF4CB3E}.Debug|Win32.ActiveCfg = Debug|Win32
		{9BE22C99-03D1-46BE-B975-80D98AF4CB3E}.Debug|Win32.Build.0 = Debug|Win32
		{9BE22C99-03D1-46BE-B975-80D98AF4CB3E}.Release|Win32.ActiveCfg = Release|Win32
		{9BE22C99-03D1-46BE-B975-80D98AF4CB3E}.Release|Win32.Build.0 = Release|Win32
	EndGlobalSection
	GlobalSection(SolutionProperties) = preSolution
		HideSolutionNode = FALSE
	EndGlobalSection
EndGlobal
